# GENERATED FILE - DO NOT EDIT DIRECTLY
schema_version: 1

bundle:
  version: "0.9.4-dev"
  release_sequence: 0
  channel: "development"
  source_tree_digest: "sha256:ba597010d9403127df8c67102186ef40c546a08101d1a93201d17f8108deb520"
  digest: "sha256:388ba831f8f5eb3454984f1669bcbbbe430a4764546e9bb6b4fa3120c7a74b34"

projection:
  input_digest: "sha256:d1d1824a4d8cb590fc49ed62c343d1eda93f0a0bf971da7e40201b6ee8c012b3"
  output_digest: "sha256:742b62bfc2f1e05db60feadc6d9841a503312f1c87fb1d86fa16ba5434e64187"
  files:
    - path: ".gds/compiled-policy.json"
      digest: "sha256:cecf02dc0a3eacf564f9f8296c1637a2c441186e4e25114870fd5aee3dc69a2a"
