# GENERATED FILE - DO NOT EDIT DIRECTLY
schema_version: 1

bundle:
  version: "0.9.7-dev"
  release_sequence: 0
  source_tree_digest: "sha256:6944618359758df76e230e0ba2edc12f342944d25479d445884231d4a3fc8cb1"
  digest: "sha256:36151a718d587392a329af848d459724c589049c0093d9054d2f2f2ec1c5ca4c"

projection:
  input_digest: "sha256:ab12b3039a8999f2982c7ab89ca8463395405ddb25c67233b356db08eea92d88"
  output_digest: "sha256:f35376484770be82797cb0c92b53d4e68740b9c47167f2d7eb355f0eea8b3bcd"
  files:
    - path: ".gds/compiled-policy.json"
      digest: "sha256:5d97eaed32736c61bb296eb349dfd87de16404613eb805bfcef1cf5fb70e68f6"
